
Microsoft Visual Studio Solution File, Format Version 12.00
# Visual Studio Version 17
VisualStudioVersion = 17.1.32228.430
MinimumVisualStudioVersion = 10.0.40219.1
Project("{9A19103F-16F7-4668-BE54-9A1E7A4F7556}") = "JeskeiPortal", "JeskeiPortal\JeskeiPortal.csproj", "{DD8FDF3A-B598-4234-8EE5-F7E59D33E9B3}"
EndProject
Project("{9A19103F-16F7-4668-BE54-9A1E7A4F7556}") = "Nethereum.Metamask", "Nethereum.Metamask\Nethereum.Metamask.csproj", "{4376A34A-3392-4435-A6F4-57E24F5AE5E2}"
EndProject
Project("{9A19103F-16F7-4668-BE54-9A1E7A4F7556}") = "Nethereum.Metamask.Blazor", "Nethereum.Metamask.Blazor\Nethereum.Metamask.Blazor.csproj", "{9DC2E3F1-815A-4FFB-AF74-8CBD1C071D79}"
EndProject
Project("{9A19103F-16F7-4668-BE54-9A1E7A4F7556}") = "Nethereum.UI", "Nethereum.UI\Nethereum.UI.csproj", "{5054278F-C3F3-4B0D-AC5C-D57DB4A663B9}"
EndProject
Project("{9A19103F-16F7-4668-BE54-9A1E7A4F7556}") = "Nethereum.Erc20.Blazor", "Nethereum.Erc20.Blazor\Nethereum.Erc20.Blazor.csproj", "{BDE6A0C7-F329-4C55-A12D-F9C26121A260}"
EndProject
Global
	GlobalSection(SolutionConfigurationPlatforms) = preSolution
		Debug|Any CPU = Debug|Any CPU
		Release|Any CPU = Release|Any CPU
	EndGlobalSection
	GlobalSection(ProjectConfigurationPlatforms) = postSolution
		{DD8FDF3A-B598-4234-8EE5-F7E59D33E9B3}.Debug|Any CPU.ActiveCfg = Debug|Any CPU
		{DD8FDF3A-B598-4234-8EE5-F7E59D33E9B3}.Debug|Any CPU.Build.0 = Debug|Any CPU
		{DD8FDF3A-B598-4234-8EE5-F7E59D33E9B3}.Release|Any CPU.ActiveCfg = Release|Any CPU
		{DD8FDF3A-B598-4234-8EE5-F7E59D33E9B3}.Release|Any CPU.Build.0 = Release|Any CPU
		{4376A34A-3392-4435-A6F4-57E24F5AE5E2}.Debug|Any CPU.ActiveCfg = Debug|Any CPU
		{4376A34A-3392-4435-A6F4-57E24F5AE5E2}.Debug|Any CPU.Build.0 = Debug|Any CPU
		{4376A34A-3392-4435-A6F4-57E24F5AE5E2}.Release|Any CPU.ActiveCfg = Release|Any CPU
		{4376A34A-3392-4435-A6F4-57E24F5AE5E2}.Release|Any CPU.Build.0 = Release|Any CPU
		{9DC2E3F1-815A-4FFB-AF74-8CBD1C071D79}.Debug|Any CPU.ActiveCfg = Debug|Any CPU
		{9DC2E3F1-815A-4FFB-AF74-8CBD1C071D79}.Debug|Any CPU.Build.0 = Debug|Any CPU
		{9DC2E3F1-815A-4FFB-AF74-8CBD1C071D79}.Release|Any CPU.ActiveCfg = Release|Any CPU
		{9DC2E3F1-815A-4FFB-AF74-8CBD1C071D79}.Release|Any CPU.Build.0 = Release|Any CPU
		{5054278F-C3F3-4B0D-AC5C-D57DB4A663B9}.Debug|Any CPU.ActiveCfg = Debug|Any CPU
		{5054278F-C3F3-4B0D-AC5C-D57DB4A663B9}.Debug|Any CPU.Build.0 = Debug|Any CPU
		{5054278F-C3F3-4B0D-AC5C-D57DB4A663B9}.Release|Any CPU.ActiveCfg = Release|Any CPU
		{5054278F-C3F3-4B0D-AC5C-D57DB4A663B9}.Release|Any CPU.Build.0 = Release|Any CPU
		{BDE6A0C7-F329-4C55-A12D-F9C26121A260}.Debug|Any CPU.ActiveCfg = Debug|Any CPU
		{BDE6A0C7-F329-4C55-A12D-F9C26121A260}.Debug|Any CPU.Build.0 = Debug|Any CPU
		{BDE6A0C7-F329-4C55-A12D-F9C26121A260}.Release|Any CPU.ActiveCfg = Release|Any CPU
		{BDE6A0C7-F329-4C55-A12D-F9C26121A260}.Release|Any CPU.Build.0 = Release|Any CPU
	EndGlobalSection
	GlobalSection(SolutionProperties) = preSolution
		HideSolutionNode = FALSE
	EndGlobalSection
	GlobalSection(ExtensibilityGlobals) = postSolution
		SolutionGuid = {972A8F89-9B9E-450E-82B4-F841BEF7138B}
	EndGlobalSection
EndGlobal
